// !$*UTF8*$!
{
	archiveVersion = 1;
	classes = {
	};
	objectVersion = 51;
	objects = {

/* Begin PBXBuildFile section */
		209424D24598114FC35BF5C2 /* Pods_MyParking.framework in Frameworks */ = {isa = PBXBuildFile; fileRef = 83C135D7D08DE2D7A5525411 /* Pods_MyParking.framework */; };
		C96B5EA4264C7AFA003942ED /* AppDelegate.swift in Sources */ = {isa = PBXBuildFile; fileRef = C96B5EA3264C7AFA003942ED /* AppDelegate.swift */; };
		C96B5EA6264C7AFA003942ED /* SceneDelegate.swift in Sources */ = {isa = PBXBuildFile; fileRef = C96B5EA5264C7AFA003942ED /* SceneDelegate.swift */; };
		C96B5EA8264C7AFA003942ED /* ViewController.swift in Sources */ = {isa = PBXBuildFile; fileRef = C96B5EA7264C7AFA003942ED /* ViewController.swift */; };
		C96B5EAB264C7AFA003942ED /* Main.storyboard in Resources */ = {isa = PBXBuildFile; fileRef = C96B5EA9264C7AFA003942ED /* Main.storyboard */; };
		C96B5EAE264C7AFA003942ED /* MyParking.xcdatamodeld in Sources */ = {isa = PBXBuildFile; fileRef = C96B5EAC264C7AFA003942ED /* MyParking.xcdatamodeld */; };
		C96B5EB0264C7AFB003942ED /* Assets.xcassets in Resources */ = {isa = PBXBuildFile; fileRef = C96B5EAF264C7AFB003942ED /* Assets.xcassets */; };
		C96B5EB3264C7AFB003942ED /* LaunchScreen.storyboard in Resources */ = {isa = PBXBuildFile; fileRef = C96B5EB1264C7AFB003942ED /* LaunchScreen.storyboard */; };
		C99E928F265045F800BB20A9 /* GoogleService-Info.plist in Resources */ = {isa = PBXBuildFile; fileRef = C99E928E265045F800BB20A9 /* GoogleService-Info.plist */; };
		C99E92982650E57400BB20A9 /* User.swift in Sources */ = {isa = PBXBuildFile; fileRef = C99E92972650E57400BB20A9 /* User.swift */; };
/* End PBXBuildFile section */

/* Begin PBXFileReference section */
		189E39D5A41FC34EA64CE966 /* Pods-MyParking.release.xcconfig */ = {isa = PBXFileReference; includeInIndex = 1; lastKnownFileType = text.xcconfig; name = "Pods-MyParking.release.xcconfig"; path = "Target Support Files/Pods-MyParking/Pods-MyParking.release.xcconfig"; sourceTree = "<group>"; };
		83C135D7D08DE2D7A5525411 /* Pods_MyParking.framework */ = {isa = PBXFileReference; explicitFileType = wrapper.framework; includeInIndex = 0; path = Pods_MyParking.framework; sourceTree = BUILT_PRODUCTS_DIR; };
		BB4121D247B1362B30D8F256 /* Pods-MyParking.debug.xcconfig */ = {isa = PBXFileReference; includeInIndex = 1; lastKnownFileType = text.xcconfig; name = "Pods-MyParking.debug.xcconfig"; path = "Target Support Files/Pods-MyParking/Pods-MyParking.debug.xcconfig"; sourceTree = "<group>"; };
		C96B5EA0264C7AFA003942ED /* MyParking.app */ = {isa = PBXFileReference; explicitFileType = wrapper.application; includeInIndex = 0; path = MyParking.app; sourceTree = BUILT_PRODUCTS_DIR; };
		C96B5EA3264C7AFA003942ED /* AppDelegate.swift */ = {isa = PBXFileReference; lastKnownFileType = sourcecode.swift; path = AppDelegate.swift; sourceTree = "<group>"; };
		C96B5EA5264C7AFA003942ED /* SceneDelegate.swift */ = {isa = PBXFileReference; lastKnownFileType = sourcecode.swift; path = SceneDelegate.swift; sourceTree = "<group>"; };
		C96B5EA7264C7AFA003942ED /* ViewController.swift */ = {isa = PBXFileReference; lastKnownFileType = sourcecode.swift; path = ViewController.swift; sourceTree = "<group>"; };
		C96B5EAA264C7AFA003942ED /* Base */ = {isa = PBXFileReference; lastKnownFileType = file.storyboard; name = Base; path = Base.lproj/Main.storyboard; sourceTree = "<group>"; };
		C96B5EAD264C7AFA003942ED /* MyParking.xcdatamodel */ = {isa = PBXFileReference; lastKnownFileType = wrapper.xcdatamodel; path = MyParking.xcdatamodel; sourceTree = "<group>"; };
		C96B5EAF264C7AFB003942ED /* Assets.xcassets */ = {isa = PBXFileReference; lastKnownFileType = folder.assetcatalog; path = Assets.xcassets; sourceTree = "<group>"; };
		C96B5EB2264C7AFB003942ED /* Base */ = {isa = PBXFileReference; lastKnownFileType = file.storyboard; name = Base; path = Base.lproj/LaunchScreen.storyboard; sourceTree = "<group>"; };
		C96B5EB4264C7AFB003942ED /* Info.plist */ = {isa = PBXFileReference; lastKnownFileType = text.plist.xml; path = Info.plist; sourceTree = "<group>"; };
		C99E928E265045F800BB20A9 /* GoogleService-Info.plist */ = {isa = PBXFileReference; fileEncoding = 4; lastKnownFileType = text.plist.xml; path = "GoogleService-Info.plist"; sourceTree = "<group>"; };
		C99E92972650E57400BB20A9 /* User.swift */ = {isa = PBXFileReference; lastKnownFileType = sourcecode.swift; path = User.swift; sourceTree = "<group>"; };
/* End PBXFileReference section */

/* Begin PBXFrameworksBuildPhase section */
		C96B5E9D264C7AFA003942ED /* Frameworks */ = {
			isa = PBXFrameworksBuildPhase;
			buildActionMask = 2147483647;
			files = (
				209424D24598114FC35BF5C2 /* Pods_MyParking.framework in Frameworks */,
			);
			runOnlyForDeploymentPostprocessing = 0;
		};
/* End PBXFrameworksBuildPhase section */

/* Begin PBXGroup section */
		27BB56F7CFF9862660BF697D /* Pods */ = {
			isa = PBXGroup;
			children = (
				BB4121D247B1362B30D8F256 /* Pods-MyParking.debug.xcconfig */,
				189E39D5A41FC34EA64CE966 /* Pods-MyParking.release.xcconfig */,
			);
			path = Pods;
			sourceTree = "<group>";
		};
		5A82BD0F8C5A693077614316 /* Frameworks */ = {
			isa = PBXGroup;
			children = (
				83C135D7D08DE2D7A5525411 /* Pods_MyParking.framework */,
			);
			name = Frameworks;
			sourceTree = "<group>";
		};
		C96B5E97264C7AFA003942ED = {
			isa = PBXGroup;
			children = (
				C96B5EA2264C7AFA003942ED /* MyParking */,
				C96B5EA1264C7AFA003942ED /* Products */,
				27BB56F7CFF9862660BF697D /* Pods */,
				5A82BD0F8C5A693077614316 /* Frameworks */,
			);
			sourceTree = "<group>";
		};
		C96B5EA1264C7AFA003942ED /* Products */ = {
			isa = PBXGroup;
			children = (
				C96B5EA0264C7AFA003942ED /* MyParking.app */,
			);
			name = Products;
			sourceTree = "<group>";
		};
		C96B5EA2264C7AFA003942ED /* MyParking */ = {
			isa = PBXGroup;
			children = (
				C99E92962650E56700BB20A9 /* Models */,
				C96B5EA3264C7AFA003942ED /* AppDelegate.swift */,
				C96B5EA5264C7AFA003942ED /* SceneDelegate.swift */,
				C96B5EA7264C7AFA003942ED /* ViewController.swift */,
				C96B5EA9264C7AFA003942ED /* Main.storyboard */,
				C96B5EAF264C7AFB003942ED /* Assets.xcassets */,
				C96B5EB1264C7AFB003942ED /* LaunchScreen.storyboard */,
				C96B5EB4264C7AFB003942ED /* Info.plist */,
				C96B5EAC264C7AFA003942ED /* MyParking.xcdatamodeld */,
				C99E928E265045F800BB20A9 /* GoogleService-Info.plist */,
			);
			path = MyParking;
			sourceTree = "<group>";
		};
		C99E92962650E56700BB20A9 /* Models */ = {
			isa = PBXGroup;
			children = (
				C99E92972650E57400BB20A9 /* User.swift */,
			);
			path = Models;
			sourceTree = "<group>";
		};
/* End PBXGroup section */

/* Begin PBXNativeTarget section */
		C96B5E9F264C7AFA003942ED /* MyParking */ = {
			isa = PBXNativeTarget;
			buildConfigurationList = C96B5EB7264C7AFB003942ED /* Build configuration list for PBXNativeTarget "MyParking" */;
			buildPhases = (
				0A847F4906EA6DC26D7BDE31 /* [CP] Check Pods Manifest.lock */,
				C96B5E9C264C7AFA003942ED /* Sources */,
				C96B5E9D264C7AFA003942ED /* Frameworks */,
				C96B5E9E264C7AFA003942ED /* Resources */,
				1C5AE707B74E26A538EB9BC4 /* [CP] Embed Pods Frameworks */,
			);
			buildRules = (
			);
			dependencies = (
			);
			name = MyParking;
			productName = MyParking;
			productReference = C96B5EA0264C7AFA003942ED /* MyParking.app */;
			productType = "com.apple.product-type.application";
		};
/* End PBXNativeTarget section */

/* Begin PBXProject section */
		C96B5E98264C7AFA003942ED /* Project object */ = {
			isa = PBXProject;
			attributes = {
				LastSwiftUpdateCheck = 1250;
				LastUpgradeCheck = 1250;
				TargetAttributes = {
					C96B5E9F264C7AFA003942ED = {
						CreatedOnToolsVersion = 12.5;
					};
				};
			};
			buildConfigurationList = C96B5E9B264C7AFA003942ED /* Build configuration list for PBXProject "MyParking" */;
			compatibilityVersion = "Xcode 9.3";
			developmentRegion = en;
			hasScannedForEncodings = 0;
			knownRegions = (
				en,
				Base,
			);
			mainGroup = C96B5E97264C7AFA003942ED;
			productRefGroup = C96B5EA1264C7AFA003942ED /* Products */;
			projectDirPath = "";
			projectRoot = "";
			targets = (
				C96B5E9F264C7AFA003942ED /* MyParking */,
			);
		};
/* End PBXProject section */

/* Begin PBXResourcesBuildPhase section */
		C96B5E9E264C7AFA003942ED /* Resources */ = {
			isa = PBXResourcesBuildPhase;
			buildActionMask = 2147483647;
			files = (
				C96B5EB3264C7AFB003942ED /* LaunchScreen.storyboard in Resources */,
				C99E928F265045F800BB20A9 /* GoogleService-Info.plist in Resources */,
				C96B5EB0264C7AFB003942ED /* Assets.xcassets in Resources */,
				C96B5EAB264C7AFA003942ED /* Main.storyboard in Resources */,
			);
			runOnlyForDeploymentPostprocessing = 0;
		};
/* End PBXResourcesBuildPhase section */

/* Begin PBXShellScriptBuildPhase section */
		0A847F4906EA6DC26D7BDE31 /* [CP] Check Pods Manifest.lock */ = {
			isa = PBXShellScriptBuildPhase;
			buildActionMask = 2147483647;
			files = (
			);
			inputFileListPaths = (
			);
			inputPaths = (
				"${PODS_PODFILE_DIR_PATH}/Podfile.lock",
				"${PODS_ROOT}/Manifest.lock",
			);
			name = "[CP] Check Pods Manifest.lock";
			outputFileListPaths = (
			);
			outputPaths = (
				"$(DERIVED_FILE_DIR)/Pods-MyParking-checkManifestLockResult.txt",
			);
			runOnlyForDeploymentPostprocessing = 0;
			shellPath = /bin/sh;
			shellScript = "diff \"${PODS_PODFILE_DIR_PATH}/Podfile.lock\" \"${PODS_ROOT}/Manifest.lock\" > /dev/null\nif [ $? != 0 ] ; then\n    # print error to STDERR\n    echo \"error: The sandbox is not in sync with the Podfile.lock. Run 'pod install' or update your CocoaPods installation.\" >&2\n    exit 1\nfi\n# This output is used by Xcode 'outputs' to avoid re-running this script phase.\necho \"SUCCESS\" > \"${SCRIPT_OUTPUT_FILE_0}\"\n";
			showEnvVarsInLog = 0;
		};
		1C5AE707B74E26A538EB9BC4 /* [CP] Embed Pods Frameworks */ = {
			isa = PBXShellScriptBuildPhase;
			buildActionMask = 2147483647;
			files = (
			);
			inputFileListPaths = (
				"${PODS_ROOT}/Target Support Files/Pods-MyParking/Pods-MyParking-frameworks-${CONFIGURATION}-input-files.xcfilelist",
			);
			name = "[CP] Embed Pods Frameworks";
			outputFileListPaths = (
				"${PODS_ROOT}/Target Support Files/Pods-MyParking/Pods-MyParking-frameworks-${CONFIGURATION}-output-files.xcfilelist",
			);
			runOnlyForDeploymentPostprocessing = 0;
			shellPath = /bin/sh;
			shellScript = "\"${PODS_ROOT}/Target Support Files/Pods-MyParking/Pods-MyParking-frameworks.sh\"\n";
			showEnvVarsInLog = 0;
		};
/* End PBXShellScriptBuildPhase section */

/* Begin PBXSourcesBuildPhase section */
		C96B5E9C264C7AFA003942ED /* Sources */ = {
			isa = PBXSourcesBuildPhase;
			buildActionMask = 2147483647;
			files = (
				C96B5EAE264C7AFA003942ED /* MyParking.xcdatamodeld in Sources */,
				C96B5EA8264C7AFA003942ED /* ViewController.swift in Sources */,
				C96B5EA4264C7AFA003942ED /* AppDelegate.swift in Sources */,
				C99E92982650E57400BB20A9 /* User.swift in Sources */,
				C96B5EA6264C7AFA003942ED /* SceneDelegate.swift in Sources */,
			);
			runOnlyForDeploymentPostprocessing = 0;
		};
/* End PBXSourcesBuildPhase section */

/* Begin PBXVariantGroup section */
		C96B5EA9264C7AFA003942ED /* Main.storyboard */ = {
			isa = PBXVariantGroup;
			children = (
				C96B5EAA264C7AFA003942ED /* Base */,
			);
			name = Main.storyboard;
			sourceTree = "<group>";
		};
		C96B5EB1264C7AFB003942ED /* LaunchScreen.storyboard */ = {
			isa = PBXVariantGroup;
			children = (
				C96B5EB2264C7AFB003942ED /* Base */,
			);
			name = LaunchScreen.storyboard;
			sourceTree = "<group>";
		};
/* End PBXVariantGroup section */

/* Begin XCBuildConfiguration section */
		C96B5EB5264C7AFB003942ED /* Debug */ = {
			isa = XCBuildConfiguration;
			buildSettings = {
				ALWAYS_SEARCH_USER_PATHS = NO;
				CLANG_ANALYZER_NONNULL = YES;
				CLANG_ANALYZER_NUMBER_OBJECT_CONVERSION = YES_AGGRESSIVE;
				CLANG_CXX_LANGUAGE_STANDARD = "gnu++14";
				CLANG_CXX_LIBRARY = "libc++";
				CLANG_ENABLE_MODULES = YES;
				CLANG_ENABLE_OBJC_ARC = YES;
				CLANG_ENABLE_OBJC_WEAK = YES;
				CLANG_WARN_BLOCK_CAPTURE_AUTORELEASING = YES;
				CLANG_WARN_BOOL_CONVERSION = YES;
				CLANG_WARN_COMMA = YES;
				CLANG_WARN_CONSTANT_CONVERSION = YES;
				CLANG_WARN_DEPRECATED_OBJC_IMPLEMENTATIONS = YES;
				CLANG_WARN_DIRECT_OBJC_ISA_USAGE = YES_ERROR;
				CLANG_WARN_DOCUMENTATION_COMMENTS = YES;
				CLANG_WARN_EMPTY_BODY = YES;
				CLANG_WARN_ENUM_CONVERSION = YES;
				CLANG_WARN_INFINITE_RECURSION = YES;
				CLANG_WARN_INT_CONVERSION = YES;
				CLANG_WARN_NON_LITERAL_NULL_CONVERSION = YES;
				CLANG_WARN_OBJC_IMPLICIT_RETAIN_SELF = YES;
				CLANG_WARN_OBJC_LITERAL_CONVERSION = YES;
				CLANG_WARN_OBJC_ROOT_CLASS = YES_ERROR;
				CLANG_WARN_QUOTED_INCLUDE_IN_FRAMEWORK_HEADER = YES;
				CLANG_WARN_RANGE_LOOP_ANALYSIS = YES;
				CLANG_WARN_STRICT_PROTOTYPES = YES;
				CLANG_WARN_SUSPICIOUS_MOVE = YES;
				CLANG_WARN_UNGUARDED_AVAILABILITY = YES_AGGRESSIVE;
				CLANG_WARN_UNREACHABLE_CODE = YES;
				CLANG_WARN__DUPLICATE_METHOD_MATCH = YES;
				COPY_PHASE_STRIP = NO;
				DEBUG_INFORMATION_FORMAT = dwarf;
				ENABLE_STRICT_OBJC_MSGSEND = YES;
				ENABLE_TESTABILITY = YES;
				GCC_C_LANGUAGE_STANDARD = gnu11;
				GCC_DYNAMIC_NO_PIC = NO;
				GCC_NO_COMMON_BLOCKS = YES;
				GCC_OPTIMIZATION_LEVEL = 0;
				GCC_PREPROCESSOR_DEFINITIONS = (
					"DEBUG=1",
					"$(inherited)",
				);
				GCC_WARN_64_TO_32_BIT_CONVERSION = YES;
				GCC_WARN_ABOUT_RETURN_TYPE = YES_ERROR;
				GCC_WARN_UNDECLARED_SELECTOR = YES;
				GCC_WARN_UNINITIALIZED_AUTOS = YES_AGGRESSIVE;
				GCC_WARN_UNUSED_FUNCTION = YES;
				GCC_WARN_UNUSED_VARIABLE = YES;
				IPHONEOS_DEPLOYMENT_TARGET = 14.5;
				MTL_ENABLE_DEBUG_INFO = INCLUDE_SOURCE;
				MTL_FAST_MATH = YES;
				ONLY_ACTIVE_ARCH = YES;
				SDKROOT = iphoneos;
				SWIFT_ACTIVE_COMPILATION_CONDITIONS = DEBUG;
				SWIFT_OPTIMIZATION_LEVEL = "-Onone";
			};
			name = Debug;
		};
		C96B5EB6264C7AFB003942ED /* Release */ = {
			isa = XCBuildConfiguration;
			buildSettings = {
				ALWAYS_SEARCH_USER_PATHS = NO;
				CLANG_ANALYZER_NONNULL = YES;
				CLANG_ANALYZER_NUMBER_OBJECT_CONVERSION = YES_AGGRESSIVE;
				CLANG_CXX_LANGUAGE_STANDARD = "gnu++14";
				CLANG_CXX_LIBRARY = "libc++";
				CLANG_ENABLE_MODULES = YES;
				CLANG_ENABLE_OBJC_ARC = YES;
				CLANG_ENABLE_OBJC_WEAK = YES;
				CLANG_WARN_BLOCK_CAPTURE_AUTORELEASING = YES;
				CLANG_WARN_BOOL_CONVERSION = YES;
				CLANG_WARN_COMMA = YES;
				CLANG_WARN_CONSTANT_CONVERSION = YES;
				CLANG_WARN_DEPRECATED_OBJC_IMPLEMENTATIONS = YES;
				CLANG_WARN_DIRECT_OBJC_ISA_USAGE = YES_ERROR;
				CLANG_WARN_DOCUMENTATION_COMMENTS = YES;
				CLANG_WARN_EMPTY_BODY = YES;
				CLANG_WARN_ENUM_CONVERSION = YES;
				CLANG_WARN_INFINITE_RECURSION = YES;
				CLANG_WARN_INT_CONVERSION = YES;
				CLANG_WARN_NON_LITERAL_NULL_CONVERSION = YES;
				CLANG_WARN_OBJC_IMPLICIT_RETAIN_SELF = YES;
				CLANG_WARN_OBJC_LITERAL_CONVERSION = YES;
				CLANG_WARN_OBJC_ROOT_CLASS = YES_ERROR;
				CLANG_WARN_QUOTED_INCLUDE_IN_FRAMEWORK_HEADER = YES;
				CLANG_WARN_RANGE_LOOP_ANALYSIS = YES;
				CLANG_WARN_STRICT_PROTOTYPES = YES;
				CLANG_WARN_SUSPICIOUS_MOVE = YES;
				CLANG_WARN_UNGUARDED_AVAILABILITY = YES_AGGRESSIVE;
				CLANG_WARN_UNREACHABLE_CODE = YES;
				CLANG_WARN__DUPLICATE_METHOD_MATCH = YES;
				COPY_PHASE_STRIP = NO;
				DEBUG_INFORMATION_FORMAT = "dwarf-with-dsym";
				ENABLE_NS_ASSERTIONS = NO;
				ENABLE_STRICT_OBJC_MSGSEND = YES;
				GCC_C_LANGUAGE_STANDARD = gnu11;
				GCC_NO_COMMON_BLOCKS = YES;
				GCC_WARN_64_TO_32_BIT_CONVERSION = YES;
				GCC_WARN_ABOUT_RETURN_TYPE = YES_ERROR;
				GCC_WARN_UNDECLARED_SELECTOR = YES;
				GCC_WARN_UNINITIALIZED_AUTOS = YES_AGGRESSIVE;
				GCC_WARN_UNUSED_FUNCTION = YES;
				GCC_WARN_UNUSED_VARIABLE = YES;
				IPHONEOS_DEPLOYMENT_TARGET = 14.5;
				MTL_ENABLE_DEBUG_INFO = NO;
				MTL_FAST_MATH = YES;
				SDKROOT = iphoneos;
				SWIFT_COMPILATION_MODE = wholemodule;
				SWIFT_OPTIMIZATION_LEVEL = "-O";
				VALIDATE_PRODUCT = YES;
			};
			name = Release;
		};
		C96B5EB8264C7AFB003942ED /* Debug */ = {
			isa = XCBuildConfiguration;
			baseConfigurationReference = BB4121D247B1362B30D8F256 /* Pods-MyParking.debug.xcconfig */;
			buildSettings = {
				ASSETCATALOG_COMPILER_APPICON_NAME = AppIcon;
				ASSETCATALOG_COMPILER_GLOBAL_ACCENT_COLOR_NAME = AccentColor;
				CODE_SIGN_STYLE = Automatic;
				DEVELOPMENT_TEAM = WE63967ZXR;
				INFOPLIST_FILE = MyParking/Info.plist;
				LD_RUNPATH_SEARCH_PATHS = (
					"$(inherited)",
					"@executable_path/Frameworks",
				);
				PRODUCT_BUNDLE_IDENTIFIER = com.inzi.MyParking;
				PRODUCT_NAME = "$(TARGET_NAME)";
				SWIFT_VERSION = 5.0;
				TARGETED_DEVICE_FAMILY = "1,2";
			};
			name = Debug;
		};
		C96B5EB9264C7AFB003942ED /* Release */ = {
			isa = XCBuildConfiguration;
			baseConfigurationReference = 189E39D5A41FC34EA64CE966 /* Pods-MyParking.release.xcconfig */;
			buildSettings = {
				ASSETCATALOG_COMPILER_APPICON_NAME = AppIcon;
				ASSETCATALOG_COMPILER_GLOBAL_ACCENT_COLOR_NAME = AccentColor;
				CODE_SIGN_STYLE = Automatic;
				DEVELOPMENT_TEAM = WE63967ZXR;
				INFOPLIST_FILE = MyParking/Info.plist;
				LD_RUNPATH_SEARCH_PATHS = (
					"$(inherited)",
					"@executable_path/Frameworks",
				);
				PRODUCT_BUNDLE_IDENTIFIER = com.inzi.MyParking;
				PRODUCT_NAME = "$(TARGET_NAME)";
				SWIFT_VERSION = 5.0;
				TARGETED_DEVICE_FAMILY = "1,2";
			};
			name = Release;
		};
/* End XCBuildConfiguration section */

/* Begin XCConfigurationList section */
		C96B5E9B264C7AFA003942ED /* Build configuration list for PBXProject "MyParking" */ = {
			isa = XCConfigurationList;
			buildConfigurations = (
				C96B5EB5264C7AFB003942ED /* Debug */,
				C96B5EB6264C7AFB003942ED /* Release */,
			);
			defaultConfigurationIsVisible = 0;
			defaultConfigurationName = Release;
		};
		C96B5EB7264C7AFB003942ED /* Build configuration list for PBXNativeTarget "MyParking" */ = {
			isa = XCConfigurationList;
			buildConfigurations = (
				C96B5EB8264C7AFB003942ED /* Debug */,
				C96B5EB9264C7AFB003942ED /* Release */,
			);
			defaultConfigurationIsVisible = 0;
			defaultConfigurationName = Release;
		};
/* End XCConfigurationList section */

/* Begin XCVersionGroup section */
		C96B5EAC264C7AFA003942ED /* MyParking.xcdatamodeld */ = {
			isa = XCVersionGroup;
			children = (
				C96B5EAD264C7AFA003942ED /* MyParking.xcdatamodel */,
			);
			currentVersion = C96B5EAD264C7AFA003942ED /* MyParking.xcdatamodel */;
			path = MyParking.xcdatamodeld;
			sourceTree = "<group>";
			versionGroupType = wrapper.xcdatamodel;
		};
/* End XCVersionGroup section */
	};
	rootObject = C96B5E98264C7AFA003942ED /* Project object */;
}
